// !$*UTF8*$!
{
	archiveVersion = 1;
	classes = {
	};
	objectVersion = 55;
	objects = {

/* Begin PBXBuildFile section */
		67ED6660D3B2F634503B1CD4 /* Pods_Recipes_App.framework in Frameworks */ = {isa = PBXBuildFile; fileRef = FA1D3EF1084EADCF0FFBA090 /* Pods_Recipes_App.framework */; };
		F54DF2C5293356D600693071 /* NewRecipeViewController.swift in Sources */ = {isa = PBXBuildFile; fileRef = F54DF2C4293356D600693071 /* NewRecipeViewController.swift */; };
		F5C70BCE29247A620085EA50 /* LoginViewController.swift in Sources */ = {isa = PBXBuildFile; fileRef = F5C70BCD29247A620085EA50 /* LoginViewController.swift */; };
		F5E3A90D29246F560068E41B /* AppDelegate.swift in Sources */ = {isa = PBXBuildFile; fileRef = F5E3A90C29246F560068E41B /* AppDelegate.swift */; };
		F5E3A90F29246F560068E41B /* SceneDelegate.swift in Sources */ = {isa = PBXBuildFile; fileRef = F5E3A90E29246F560068E41B /* SceneDelegate.swift */; };
		F5E3A91429246F560068E41B /* Main.storyboard in Resources */ = {isa = PBXBuildFile; fileRef = F5E3A91229246F560068E41B /* Main.storyboard */; };
		F5E3A91629246F5B0068E41B /* Assets.xcassets in Resources */ = {isa = PBXBuildFile; fileRef = F5E3A91529246F5B0068E41B /* Assets.xcassets */; };
		F5E3A91929246F5B0068E41B /* LaunchScreen.storyboard in Resources */ = {isa = PBXBuildFile; fileRef = F5E3A91729246F5B0068E41B /* LaunchScreen.storyboard */; };
		F5FDF9062936A38500423515 /* PostCell.swift in Sources */ = {isa = PBXBuildFile; fileRef = F5FDF9052936A38500423515 /* PostCell.swift */; };
		F5FDF9082936A65000423515 /* FeedViewController.swift in Sources */ = {isa = PBXBuildFile; fileRef = F5FDF9072936A65000423515 /* FeedViewController.swift */; };
/* End PBXBuildFile section */

/* Begin PBXFileReference section */
		3F6B31C1443F532B2CC46D7B /* Pods-Recipes-App.debug.xcconfig */ = {isa = PBXFileReference; includeInIndex = 1; lastKnownFileType = text.xcconfig; name = "Pods-Recipes-App.debug.xcconfig"; path = "Target Support Files/Pods-Recipes-App/Pods-Recipes-App.debug.xcconfig"; sourceTree = "<group>"; };
		E119EFB71A4BB2013D2C425A /* Pods-Recipes-App.release.xcconfig */ = {isa = PBXFileReference; includeInIndex = 1; lastKnownFileType = text.xcconfig; name = "Pods-Recipes-App.release.xcconfig"; path = "Target Support Files/Pods-Recipes-App/Pods-Recipes-App.release.xcconfig"; sourceTree = "<group>"; };
		F54DF2C4293356D600693071 /* NewRecipeViewController.swift */ = {isa = PBXFileReference; lastKnownFileType = sourcecode.swift; path = NewRecipeViewController.swift; sourceTree = "<group>"; };
		F5C70BCD29247A620085EA50 /* LoginViewController.swift */ = {isa = PBXFileReference; lastKnownFileType = sourcecode.swift; path = LoginViewController.swift; sourceTree = "<group>"; };
		F5E3A90929246F560068E41B /* Recipes-App.app */ = {isa = PBXFileReference; explicitFileType = wrapper.application; includeInIndex = 0; path = "Recipes-App.app"; sourceTree = BUILT_PRODUCTS_DIR; };
		F5E3A90C29246F560068E41B /* AppDelegate.swift */ = {isa = PBXFileReference; lastKnownFileType = sourcecode.swift; path = AppDelegate.swift; sourceTree = "<group>"; };
		F5E3A90E29246F560068E41B /* SceneDelegate.swift */ = {isa = PBXFileReference; lastKnownFileType = sourcecode.swift; path = SceneDelegate.swift; sourceTree = "<group>"; };
		F5E3A91329246F560068E41B /* Base */ = {isa = PBXFileReference; lastKnownFileType = file.storyboard; name = Base; path = Base.lproj/Main.storyboard; sourceTree = "<group>"; };
		F5E3A91529246F5B0068E41B /* Assets.xcassets */ = {isa = PBXFileReference; lastKnownFileType = folder.assetcatalog; path = Assets.xcassets; sourceTree = "<group>"; };
		F5E3A91829246F5B0068E41B /* Base */ = {isa = PBXFileReference; lastKnownFileType = file.storyboard; name = Base; path = Base.lproj/LaunchScreen.storyboard; sourceTree = "<group>"; };
		F5E3A91A29246F5B0068E41B /* Info.plist */ = {isa = PBXFileReference; lastKnownFileType = text.plist.xml; path = Info.plist; sourceTree = "<group>"; };
		F5FDF9052936A38500423515 /* PostCell.swift */ = {isa = PBXFileReference; lastKnownFileType = sourcecode.swift; path = PostCell.swift; sourceTree = "<group>"; };
		F5FDF9072936A65000423515 /* FeedViewController.swift */ = {isa = PBXFileReference; lastKnownFileType = sourcecode.swift; path = FeedViewController.swift; sourceTree = "<group>"; };
		FA1D3EF1084EADCF0FFBA090 /* Pods_Recipes_App.framework */ = {isa = PBXFileReference; explicitFileType = wrapper.framework; includeInIndex = 0; path = Pods_Recipes_App.framework; sourceTree = BUILT_PRODUCTS_DIR; };
/* End PBXFileReference section */

/* Begin PBXFrameworksBuildPhase section */
		F5E3A90629246F560068E41B /* Frameworks */ = {
			isa = PBXFrameworksBuildPhase;
			buildActionMask = 2147483647;
			files = (
				67ED6660D3B2F634503B1CD4 /* Pods_Recipes_App.framework in Frameworks */,
			);
			runOnlyForDeploymentPostprocessing = 0;
		};
/* End PBXFrameworksBuildPhase section */

/* Begin PBXGroup section */
		5574A1C00BFB9997D2E630AF /* Frameworks */ = {
			isa = PBXGroup;
			children = (
				FA1D3EF1084EADCF0FFBA090 /* Pods_Recipes_App.framework */,
			);
			name = Frameworks;
			sourceTree = "<group>";
		};
		F5E3A90029246F560068E41B = {
			isa = PBXGroup;
			children = (
				F5E3A90B29246F560068E41B /* Recipes-App */,
				F5E3A90A29246F560068E41B /* Products */,
				F5F01B12FD3616AF762E92C7 /* Pods */,
				5574A1C00BFB9997D2E630AF /* Frameworks */,
			);
			sourceTree = "<group>";
		};
		F5E3A90A29246F560068E41B /* Products */ = {
			isa = PBXGroup;
			children = (
				F5E3A90929246F560068E41B /* Recipes-App.app */,
			);
			name = Products;
			sourceTree = "<group>";
		};
		F5E3A90B29246F560068E41B /* Recipes-App */ = {
			isa = PBXGroup;
			children = (
				F5E3A90C29246F560068E41B /* AppDelegate.swift */,
				F5E3A90E29246F560068E41B /* SceneDelegate.swift */,
				F5E3A91229246F560068E41B /* Main.storyboard */,
				F5E3A91529246F5B0068E41B /* Assets.xcassets */,
				F5E3A91729246F5B0068E41B /* LaunchScreen.storyboard */,
				F5E3A91A29246F5B0068E41B /* Info.plist */,
				F5C70BCD29247A620085EA50 /* LoginViewController.swift */,
				F54DF2C4293356D600693071 /* NewRecipeViewController.swift */,
				F5FDF9052936A38500423515 /* PostCell.swift */,
				F5FDF9072936A65000423515 /* FeedViewController.swift */,
			);
			path = "Recipes-App";
			sourceTree = "<group>";
		};
		F5F01B12FD3616AF762E92C7 /* Pods */ = {
			isa = PBXGroup;
			children = (
				3F6B31C1443F532B2CC46D7B /* Pods-Recipes-App.debug.xcconfig */,
				E119EFB71A4BB2013D2C425A /* Pods-Recipes-App.release.xcconfig */,
			);
			path = Pods;
			sourceTree = "<group>";
		};
/* End PBXGroup section */

/* Begin PBXNativeTarget section */
		F5E3A90829246F560068E41B /* Recipes-App */ = {
			isa = PBXNativeTarget;
			buildConfigurationList = F5E3A91D29246F5B0068E41B /* Build configuration list for PBXNativeTarget "Recipes-App" */;
			buildPhases = (
				8D5F9F41A77F03DAFF503CE7 /* [CP] Check Pods Manifest.lock */,
				F5E3A90529246F560068E41B /* Sources */,
				F5E3A90629246F560068E41B /* Frameworks */,
				F5E3A90729246F560068E41B /* Resources */,
				496FFEBBE8C713D4440DA218 /* [CP] Embed Pods Frameworks */,
			);
			buildRules = (
			);
			dependencies = (
			);
			name = "Recipes-App";
			productName = "Recipes-App";
			productReference = F5E3A90929246F560068E41B /* Recipes-App.app */;
			productType = "com.apple.product-type.application";
		};
/* End PBXNativeTarget section */

/* Begin PBXProject section */
		F5E3A90129246F560068E41B /* Project object */ = {
			isa = PBXProject;
			attributes = {
				BuildIndependentTargetsInParallel = 1;
				LastSwiftUpdateCheck = 1340;
				LastUpgradeCheck = 1340;
				TargetAttributes = {
					F5E3A90829246F560068E41B = {
						CreatedOnToolsVersion = 13.4.1;
					};
				};
			};
			buildConfigurationList = F5E3A90429246F560068E41B /* Build configuration list for PBXProject "Recipes-App" */;
			compatibilityVersion = "Xcode 13.0";
			developmentRegion = en;
			hasScannedForEncodings = 0;
			knownRegions = (
				en,
				Base,
			);
			mainGroup = F5E3A90029246F560068E41B;
			productRefGroup = F5E3A90A29246F560068E41B /* Products */;
			projectDirPath = "";
			projectRoot = "";
			targets = (
				F5E3A90829246F560068E41B /* Recipes-App */,
			);
		};
/* End PBXProject section */

/* Begin PBXResourcesBuildPhase section */
		F5E3A90729246F560068E41B /* Resources */ = {
			isa = PBXResourcesBuildPhase;
			buildActionMask = 2147483647;
			files = (
				F5E3A91929246F5B0068E41B /* LaunchScreen.storyboard in Resources */,
				F5E3A91629246F5B0068E41B /* Assets.xcassets in Resources */,
				F5E3A91429246F560068E41B /* Main.storyboard in Resources */,
			);
			runOnlyForDeploymentPostprocessing = 0;
		};
/* End PBXResourcesBuildPhase section */

/* Begin PBXShellScriptBuildPhase section */
		496FFEBBE8C713D4440DA218 /* [CP] Embed Pods Frameworks */ = {
			isa = PBXShellScriptBuildPhase;
			buildActionMask = 2147483647;
			files = (
			);
			inputFileListPaths = (
				"${PODS_ROOT}/Target Support Files/Pods-Recipes-App/Pods-Recipes-App-frameworks-${CONFIGURATION}-input-files.xcfilelist",
			);
			name = "[CP] Embed Pods Frameworks";
			outputFileListPaths = (
				"${PODS_ROOT}/Target Support Files/Pods-Recipes-App/Pods-Recipes-App-frameworks-${CONFIGURATION}-output-files.xcfilelist",
			);
			runOnlyForDeploymentPostprocessing = 0;
			shellPath = /bin/sh;
			shellScript = "\"${PODS_ROOT}/Target Support Files/Pods-Recipes-App/Pods-Recipes-App-frameworks.sh\"\n";
			showEnvVarsInLog = 0;
		};
		8D5F9F41A77F03DAFF503CE7 /* [CP] Check Pods Manifest.lock */ = {
			isa = PBXShellScriptBuildPhase;
			buildActionMask = 2147483647;
			files = (
			);
			inputFileListPaths = (
			);
			inputPaths = (
				"${PODS_PODFILE_DIR_PATH}/Podfile.lock",
				"${PODS_ROOT}/Manifest.lock",
			);
			name = "[CP] Check Pods Manifest.lock";
			outputFileListPaths = (
			);
			outputPaths = (
				"$(DERIVED_FILE_DIR)/Pods-Recipes-App-checkManifestLockResult.txt",
			);
			runOnlyForDeploymentPostprocessing = 0;
			shellPath = /bin/sh;
			shellScript = "diff \"${PODS_PODFILE_DIR_PATH}/Podfile.lock\" \"${PODS_ROOT}/Manifest.lock\" > /dev/null\nif [ $? != 0 ] ; then\n    # print error to STDERR\n    echo \"error: The sandbox is not in sync with the Podfile.lock. Run 'pod install' or update your CocoaPods installation.\" >&2\n    exit 1\nfi\n# This output is used by Xcode 'outputs' to avoid re-running this script phase.\necho \"SUCCESS\" > \"${SCRIPT_OUTPUT_FILE_0}\"\n";
			showEnvVarsInLog = 0;
		};
/* End PBXShellScriptBuildPhase section */

/* Begin PBXSourcesBuildPhase section */
		F5E3A90529246F560068E41B /* Sources */ = {
			isa = PBXSourcesBuildPhase;
			buildActionMask = 2147483647;
			files = (
				F5C70BCE29247A620085EA50 /* LoginViewController.swift in Sources */,
				F5E3A90D29246F560068E41B /* AppDelegate.swift in Sources */,
				F5E3A90F29246F560068E41B /* SceneDelegate.swift in Sources */,
				F54DF2C5293356D600693071 /* NewRecipeViewController.swift in Sources */,
				F5FDF9082936A65000423515 /* FeedViewController.swift in Sources */,
				F5FDF9062936A38500423515 /* PostCell.swift in Sources */,
			);
			runOnlyForDeploymentPostprocessing = 0;
		};
/* End PBXSourcesBuildPhase section */

/* Begin PBXVariantGroup section */
		F5E3A91229246F560068E41B /* Main.storyboard */ = {
			isa = PBXVariantGroup;
			children = (
				F5E3A91329246F560068E41B /* Base */,
			);
			name = Main.storyboard;
			sourceTree = "<group>";
		};
		F5E3A91729246F5B0068E41B /* LaunchScreen.storyboard */ = {
			isa = PBXVariantGroup;
			children = (
				F5E3A91829246F5B0068E41B /* Base */,
			);
			name = LaunchScreen.storyboard;
			sourceTree = "<group>";
		};
/* End PBXVariantGroup section */

/* Begin XCBuildConfiguration section */
		F5E3A91B29246F5B0068E41B /* Debug */ = {
			isa = XCBuildConfiguration;
			buildSettings = {
				ALWAYS_SEARCH_USER_PATHS = NO;
				CLANG_ANALYZER_NONNULL = YES;
				CLANG_ANALYZER_NUMBER_OBJECT_CONVERSION = YES_AGGRESSIVE;
				CLANG_CXX_LANGUAGE_STANDARD = "gnu++17";
				CLANG_ENABLE_MODULES = YES;
				CLANG_ENABLE_OBJC_ARC = YES;
				CLANG_ENABLE_OBJC_WEAK = YES;
				CLANG_WARN_BLOCK_CAPTURE_AUTORELEASING = YES;
				CLANG_WARN_BOOL_CONVERSION = YES;
				CLANG_WARN_COMMA = YES;
				CLANG_WARN_CONSTANT_CONVERSION = YES;
				CLANG_WARN_DEPRECATED_OBJC_IMPLEMENTATIONS = YES;
				CLANG_WARN_DIRECT_OBJC_ISA_USAGE = YES_ERROR;
				CLANG_WARN_DOCUMENTATION_COMMENTS = YES;
				CLANG_WARN_EMPTY_BODY = YES;
				CLANG_WARN_ENUM_CONVERSION = YES;
				CLANG_WARN_INFINITE_RECURSION = YES;
				CLANG_WARN_INT_CONVERSION = YES;
				CLANG_WARN_NON_LITERAL_NULL_CONVERSION = YES;
				CLANG_WARN_OBJC_IMPLICIT_RETAIN_SELF = YES;
				CLANG_WARN_OBJC_LITERAL_CONVERSION = YES;
				CLANG_WARN_OBJC_ROOT_CLASS = YES_ERROR;
				CLANG_WARN_QUOTED_INCLUDE_IN_FRAMEWORK_HEADER = YES;
				CLANG_WARN_RANGE_LOOP_ANALYSIS = YES;
				CLANG_WARN_STRICT_PROTOTYPES = YES;
				CLANG_WARN_SUSPICIOUS_MOVE = YES;
				CLANG_WARN_UNGUARDED_AVAILABILITY = YES_AGGRESSIVE;
				CLANG_WARN_UNREACHABLE_CODE = YES;
				CLANG_WARN__DUPLICATE_METHOD_MATCH = YES;
				COPY_PHASE_STRIP = NO;
				DEBUG_INFORMATION_FORMAT = dwarf;
				ENABLE_STRICT_OBJC_MSGSEND = YES;
				ENABLE_TESTABILITY = YES;
				GCC_C_LANGUAGE_STANDARD = gnu11;
				GCC_DYNAMIC_NO_PIC = NO;
				GCC_NO_COMMON_BLOCKS = YES;
				GCC_OPTIMIZATION_LEVEL = 0;
				GCC_PREPROCESSOR_DEFINITIONS = (
					"DEBUG=1",
					"$(inherited)",
				);
				GCC_WARN_64_TO_32_BIT_CONVERSION = YES;
				GCC_WARN_ABOUT_RETURN_TYPE = YES_ERROR;
				GCC_WARN_UNDECLARED_SELECTOR = YES;
				GCC_WARN_UNINITIALIZED_AUTOS = YES_AGGRESSIVE;
				GCC_WARN_UNUSED_FUNCTION = YES;
				GCC_WARN_UNUSED_VARIABLE = YES;
				IPHONEOS_DEPLOYMENT_TARGET = 15.5;
				MTL_ENABLE_DEBUG_INFO = INCLUDE_SOURCE;
				MTL_FAST_MATH = YES;
				ONLY_ACTIVE_ARCH = YES;
				SDKROOT = iphoneos;
				SWIFT_ACTIVE_COMPILATION_CONDITIONS = DEBUG;
				SWIFT_OPTIMIZATION_LEVEL = "-Onone";
			};
			name = Debug;
		};
		F5E3A91C29246F5B0068E41B /* Release */ = {
			isa = XCBuildConfiguration;
			buildSettings = {
				ALWAYS_SEARCH_USER_PATHS = NO;
				CLANG_ANALYZER_NONNULL = YES;
				CLANG_ANALYZER_NUMBER_OBJECT_CONVERSION = YES_AGGRESSIVE;
				CLANG_CXX_LANGUAGE_STANDARD = "gnu++17";
				CLANG_ENABLE_MODULES = YES;
				CLANG_ENABLE_OBJC_ARC = YES;
				CLANG_ENABLE_OBJC_WEAK = YES;
				CLANG_WARN_BLOCK_CAPTURE_AUTORELEASING = YES;
				CLANG_WARN_BOOL_CONVERSION = YES;
				CLANG_WARN_COMMA = YES;
				CLANG_WARN_CONSTANT_CONVERSION = YES;
				CLANG_WARN_DEPRECATED_OBJC_IMPLEMENTATIONS = YES;
				CLANG_WARN_DIRECT_OBJC_ISA_USAGE = YES_ERROR;
				CLANG_WARN_DOCUMENTATION_COMMENTS = YES;
				CLANG_WARN_EMPTY_BODY = YES;
				CLANG_WARN_ENUM_CONVERSION = YES;
				CLANG_WARN_INFINITE_RECURSION = YES;
				CLANG_WARN_INT_CONVERSION = YES;
				CLANG_WARN_NON_LITERAL_NULL_CONVERSION = YES;
				CLANG_WARN_OBJC_IMPLICIT_RETAIN_SELF = YES;
				CLANG_WARN_OBJC_LITERAL_CONVERSION = YES;
				CLANG_WARN_OBJC_ROOT_CLASS = YES_ERROR;
				CLANG_WARN_QUOTED_INCLUDE_IN_FRAMEWORK_HEADER = YES;
				CLANG_WARN_RANGE_LOOP_ANALYSIS = YES;
				CLANG_WARN_STRICT_PROTOTYPES = YES;
				CLANG_WARN_SUSPICIOUS_MOVE = YES;
				CLANG_WARN_UNGUARDED_AVAILABILITY = YES_AGGRESSIVE;
				CLANG_WARN_UNREACHABLE_CODE = YES;
				CLANG_WARN__DUPLICATE_METHOD_MATCH = YES;
				COPY_PHASE_STRIP = NO;
				DEBUG_INFORMATION_FORMAT = "dwarf-with-dsym";
				ENABLE_NS_ASSERTIONS = NO;
				ENABLE_STRICT_OBJC_MSGSEND = YES;
				GCC_C_LANGUAGE_STANDARD = gnu11;
				GCC_NO_COMMON_BLOCKS = YES;
				GCC_WARN_64_TO_32_BIT_CONVERSION = YES;
				GCC_WARN_ABOUT_RETURN_TYPE = YES_ERROR;
				GCC_WARN_UNDECLARED_SELECTOR = YES;
				GCC_WARN_UNINITIALIZED_AUTOS = YES_AGGRESSIVE;
				GCC_WARN_UNUSED_FUNCTION = YES;
				GCC_WARN_UNUSED_VARIABLE = YES;
				IPHONEOS_DEPLOYMENT_TARGET = 15.5;
				MTL_ENABLE_DEBUG_INFO = NO;
				MTL_FAST_MATH = YES;
				SDKROOT = iphoneos;
				SWIFT_COMPILATION_MODE = wholemodule;
				SWIFT_OPTIMIZATION_LEVEL = "-O";
				VALIDATE_PRODUCT = YES;
			};
			name = Release;
		};
		F5E3A91E29246F5B0068E41B /* Debug */ = {
			isa = XCBuildConfiguration;
			baseConfigurationReference = 3F6B31C1443F532B2CC46D7B /* Pods-Recipes-App.debug.xcconfig */;
			buildSettings = {
				ASSETCATALOG_COMPILER_APPICON_NAME = AppIcon;
				ASSETCATALOG_COMPILER_GLOBAL_ACCENT_COLOR_NAME = AccentColor;
				CODE_SIGN_STYLE = Automatic;
				CURRENT_PROJECT_VERSION = 1;
				DEVELOPMENT_TEAM = MS4H2UB2PV;
				GENERATE_INFOPLIST_FILE = YES;
				INFOPLIST_FILE = "Recipes-App/Info.plist";
				INFOPLIST_KEY_UIApplicationSupportsIndirectInputEvents = YES;
				INFOPLIST_KEY_UILaunchStoryboardName = LaunchScreen;
				INFOPLIST_KEY_UIMainStoryboardFile = Main;
				INFOPLIST_KEY_UISupportedInterfaceOrientations_iPad = "UIInterfaceOrientationPortrait UIInterfaceOrientationPortraitUpsideDown UIInterfaceOrientationLandscapeLeft UIInterfaceOrientationLandscapeRight";
				INFOPLIST_KEY_UISupportedInterfaceOrientations_iPhone = "UIInterfaceOrientationPortrait UIInterfaceOrientationLandscapeLeft UIInterfaceOrientationLandscapeRight";
				LD_RUNPATH_SEARCH_PATHS = (
					"$(inherited)",
					"@executable_path/Frameworks",
				);
				MARKETING_VERSION = 1.0;
				PRODUCT_BUNDLE_IDENTIFIER = "com.team.Recipes-App";
				PRODUCT_NAME = "$(TARGET_NAME)";
				SWIFT_EMIT_LOC_STRINGS = YES;
				SWIFT_VERSION = 5.0;
				TARGETED_DEVICE_FAMILY = "1,2";
			};
			name = Debug;
		};
		F5E3A91F29246F5B0068E41B /* Release */ = {
			isa = XCBuildConfiguration;
			baseConfigurationReference = E119EFB71A4BB2013D2C425A /* Pods-Recipes-App.release.xcconfig */;
			buildSettings = {
				ASSETCATALOG_COMPILER_APPICON_NAME = AppIcon;
				ASSETCATALOG_COMPILER_GLOBAL_ACCENT_COLOR_NAME = AccentColor;
				CODE_SIGN_STYLE = Automatic;
				CURRENT_PROJECT_VERSION = 1;
				DEVELOPMENT_TEAM = MS4H2UB2PV;
				GENERATE_INFOPLIST_FILE = YES;
				INFOPLIST_FILE = "Recipes-App/Info.plist";
				INFOPLIST_KEY_UIApplicationSupportsIndirectInputEvents = YES;
				INFOPLIST_KEY_UILaunchStoryboardName = LaunchScreen;
				INFOPLIST_KEY_UIMainStoryboardFile = Main;
				INFOPLIST_KEY_UISupportedInterfaceOrientations_iPad = "UIInterfaceOrientationPortrait UIInterfaceOrientationPortraitUpsideDown UIInterfaceOrientationLandscapeLeft UIInterfaceOrientationLandscapeRight";
				INFOPLIST_KEY_UISupportedInterfaceOrientations_iPhone = "UIInterfaceOrientationPortrait UIInterfaceOrientationLandscapeLeft UIInterfaceOrientationLandscapeRight";
				LD_RUNPATH_SEARCH_PATHS = (
					"$(inherited)",
					"@executable_path/Frameworks",
				);
				MARKETING_VERSION = 1.0;
				PRODUCT_BUNDLE_IDENTIFIER = "com.team.Recipes-App";
				PRODUCT_NAME = "$(TARGET_NAME)";
				SWIFT_EMIT_LOC_STRINGS = YES;
				SWIFT_VERSION = 5.0;
				TARGETED_DEVICE_FAMILY = "1,2";
			};
			name = Release;
		};
/* End XCBuildConfiguration section */

/* Begin XCConfigurationList section */
		F5E3A90429246F560068E41B /* Build configuration list for PBXProject "Recipes-App" */ = {
			isa = XCConfigurationList;
			buildConfigurations = (
				F5E3A91B29246F5B0068E41B /* Debug */,
				F5E3A91C29246F5B0068E41B /* Release */,
			);
			defaultConfigurationIsVisible = 0;
			defaultConfigurationName = Release;
		};
		F5E3A91D29246F5B0068E41B /* Build configuration list for PBXNativeTarget "Recipes-App" */ = {
			isa = XCConfigurationList;
			buildConfigurations = (
				F5E3A91E29246F5B0068E41B /* Debug */,
				F5E3A91F29246F5B0068E41B /* Release */,
			);
			defaultConfigurationIsVisible = 0;
			defaultConfigurationName = Release;
		};
/* End XCConfigurationList section */
	};
	rootObject = F5E3A90129246F560068E41B /* Project object */;
}
